// !$*UTF8*$!
{
	archiveVersion = 1;
	classes = {
	};
	objectVersion = 56;
	objects = {

/* Begin PBXBuildFile section */
		B414FE102B2FEEB600E8176F /* DishPotraitCollectionViewCell.swift in Sources */ = {isa = PBXBuildFile; fileRef = B414FE0E2B2FEEB600E8176F /* DishPotraitCollectionViewCell.swift */; };
		B414FE112B2FEEB600E8176F /* DishPotraitCollectionViewCell.xib in Resources */ = {isa = PBXBuildFile; fileRef = B414FE0F2B2FEEB600E8176F /* DishPotraitCollectionViewCell.xib */; };
		B432C9A32B32013A004C4D00 /* DishListTableViewCell.swift in Sources */ = {isa = PBXBuildFile; fileRef = B432C9A12B32013A004C4D00 /* DishListTableViewCell.swift */; };
		B432C9A42B32013A004C4D00 /* DishListTableViewCell.xib in Resources */ = {isa = PBXBuildFile; fileRef = B432C9A22B32013A004C4D00 /* DishListTableViewCell.xib */; };
		B432C9A72B3203E2004C4D00 /* DishListViewController.swift in Sources */ = {isa = PBXBuildFile; fileRef = B432C9A62B3203E2004C4D00 /* DishListViewController.swift */; };
		B432C9AA2B32097C004C4D00 /* ListOrdersViewController.swift in Sources */ = {isa = PBXBuildFile; fileRef = B432C9A92B32097C004C4D00 /* ListOrdersViewController.swift */; };
		B432C9AC2B320A79004C4D00 /* Order.swift in Sources */ = {isa = PBXBuildFile; fileRef = B432C9AB2B320A79004C4D00 /* Order.swift */; };
		B43AF8862B2B2EB00052A407 /* HomeViewController.swift in Sources */ = {isa = PBXBuildFile; fileRef = B43AF8852B2B2EB00052A407 /* HomeViewController.swift */; };
		B43AF88A2B2B33B20052A407 /* CatagoryCollectionViewCell.swift in Sources */ = {isa = PBXBuildFile; fileRef = B43AF8882B2B33B20052A407 /* CatagoryCollectionViewCell.swift */; };
		B43AF88B2B2B33B20052A407 /* CatagoryCollectionViewCell.xib in Resources */ = {isa = PBXBuildFile; fileRef = B43AF8892B2B33B20052A407 /* CatagoryCollectionViewCell.xib */; };
		B43AF88D2B2B35B70052A407 /* DishCatagory.swift in Sources */ = {isa = PBXBuildFile; fileRef = B43AF88C2B2B35B70052A407 /* DishCatagory.swift */; };
		B43AF8902B2B3F510052A407 /* CardView.swift in Sources */ = {isa = PBXBuildFile; fileRef = B43AF88F2B2B3F510052A407 /* CardView.swift */; };
		B46BD8ED2B316F12001B72E5 /* ChefSpecialCollectionViewCell.swift in Sources */ = {isa = PBXBuildFile; fileRef = B46BD8EB2B316F12001B72E5 /* ChefSpecialCollectionViewCell.swift */; };
		B46BD8EE2B316F12001B72E5 /* ChefSpecialCollectionViewCell.xib in Resources */ = {isa = PBXBuildFile; fileRef = B46BD8EC2B316F12001B72E5 /* ChefSpecialCollectionViewCell.xib */; };
		B46BD8F12B317E83001B72E5 /* DishDetailViewController.swift in Sources */ = {isa = PBXBuildFile; fileRef = B46BD8F02B317E83001B72E5 /* DishDetailViewController.swift */; };
		B4927F5B2B2B00A400E2814F /* AppDelegate.swift in Sources */ = {isa = PBXBuildFile; fileRef = B4927F5A2B2B00A400E2814F /* AppDelegate.swift */; };
		B4927F5D2B2B00A400E2814F /* SceneDelegate.swift in Sources */ = {isa = PBXBuildFile; fileRef = B4927F5C2B2B00A400E2814F /* SceneDelegate.swift */; };
		B4927F5F2B2B00A400E2814F /* ViewController.swift in Sources */ = {isa = PBXBuildFile; fileRef = B4927F5E2B2B00A400E2814F /* ViewController.swift */; };
		B4927F622B2B00A400E2814F /* Main.storyboard in Resources */ = {isa = PBXBuildFile; fileRef = B4927F602B2B00A400E2814F /* Main.storyboard */; };
		B4927F652B2B00A400E2814F /* Foodies.xcdatamodeld in Sources */ = {isa = PBXBuildFile; fileRef = B4927F632B2B00A400E2814F /* Foodies.xcdatamodeld */; };
		B4927F672B2B00A600E2814F /* Assets.xcassets in Resources */ = {isa = PBXBuildFile; fileRef = B4927F662B2B00A600E2814F /* Assets.xcassets */; };
		B4927F6A2B2B00A600E2814F /* LaunchScreen.storyboard in Resources */ = {isa = PBXBuildFile; fileRef = B4927F682B2B00A600E2814F /* LaunchScreen.storyboard */; };
		B4927F732B2B076200E2814F /* UIView+Extension.swift in Sources */ = {isa = PBXBuildFile; fileRef = B4927F722B2B076200E2814F /* UIView+Extension.swift */; };
		B4927F792B2B086600E2814F /* OnboardingCollectionViewCell.swift in Sources */ = {isa = PBXBuildFile; fileRef = B4927F782B2B086600E2814F /* OnboardingCollectionViewCell.swift */; };
		B4927F7B2B2B089300E2814F /* OnboardingViewController.swift in Sources */ = {isa = PBXBuildFile; fileRef = B4927F7A2B2B089300E2814F /* OnboardingViewController.swift */; };
		B4927F7E2B2B09AC00E2814F /* OnboardingSlide.swift in Sources */ = {isa = PBXBuildFile; fileRef = B4927F7D2B2B09AC00E2814F /* OnboardingSlide.swift */; };
		B4D3EDFE2B2FF37500D80343 /* Dish.swift in Sources */ = {isa = PBXBuildFile; fileRef = B4D3EDFD2B2FF37500D80343 /* Dish.swift */; };
/* End PBXBuildFile section */

/* Begin PBXFileReference section */
		B414FE0E2B2FEEB600E8176F /* DishPotraitCollectionViewCell.swift */ = {isa = PBXFileReference; lastKnownFileType = sourcecode.swift; path = DishPotraitCollectionViewCell.swift; sourceTree = "<group>"; };
		B414FE0F2B2FEEB600E8176F /* DishPotraitCollectionViewCell.xib */ = {isa = PBXFileReference; lastKnownFileType = file.xib; path = DishPotraitCollectionViewCell.xib; sourceTree = "<group>"; };
		B432C9A12B32013A004C4D00 /* DishListTableViewCell.swift */ = {isa = PBXFileReference; lastKnownFileType = sourcecode.swift; path = DishListTableViewCell.swift; sourceTree = "<group>"; };
		B432C9A22B32013A004C4D00 /* DishListTableViewCell.xib */ = {isa = PBXFileReference; lastKnownFileType = file.xib; path = DishListTableViewCell.xib; sourceTree = "<group>"; };
		B432C9A62B3203E2004C4D00 /* DishListViewController.swift */ = {isa = PBXFileReference; lastKnownFileType = sourcecode.swift; path = DishListViewController.swift; sourceTree = "<group>"; };
		B432C9A92B32097C004C4D00 /* ListOrdersViewController.swift */ = {isa = PBXFileReference; lastKnownFileType = sourcecode.swift; path = ListOrdersViewController.swift; sourceTree = "<group>"; };
		B432C9AB2B320A79004C4D00 /* Order.swift */ = {isa = PBXFileReference; lastKnownFileType = sourcecode.swift; path = Order.swift; sourceTree = "<group>"; };
		B43AF8852B2B2EB00052A407 /* HomeViewController.swift */ = {isa = PBXFileReference; lastKnownFileType = sourcecode.swift; path = HomeViewController.swift; sourceTree = "<group>"; };
		B43AF8882B2B33B20052A407 /* CatagoryCollectionViewCell.swift */ = {isa = PBXFileReference; lastKnownFileType = sourcecode.swift; path = CatagoryCollectionViewCell.swift; sourceTree = "<group>"; };
		B43AF8892B2B33B20052A407 /* CatagoryCollectionViewCell.xib */ = {isa = PBXFileReference; lastKnownFileType = file.xib; path = CatagoryCollectionViewCell.xib; sourceTree = "<group>"; };
		B43AF88C2B2B35B70052A407 /* DishCatagory.swift */ = {isa = PBXFileReference; lastKnownFileType = sourcecode.swift; path = DishCatagory.swift; sourceTree = "<group>"; };
		B43AF88F2B2B3F510052A407 /* CardView.swift */ = {isa = PBXFileReference; lastKnownFileType = sourcecode.swift; path = CardView.swift; sourceTree = "<group>"; };
		B46BD8EB2B316F12001B72E5 /* ChefSpecialCollectionViewCell.swift */ = {isa = PBXFileReference; lastKnownFileType = sourcecode.swift; path = ChefSpecialCollectionViewCell.swift; sourceTree = "<group>"; };
		B46BD8EC2B316F12001B72E5 /* ChefSpecialCollectionViewCell.xib */ = {isa = PBXFileReference; lastKnownFileType = file.xib; path = ChefSpecialCollectionViewCell.xib; sourceTree = "<group>"; };
		B46BD8F02B317E83001B72E5 /* DishDetailViewController.swift */ = {isa = PBXFileReference; lastKnownFileType = sourcecode.swift; path = DishDetailViewController.swift; sourceTree = "<group>"; };
		B4927F572B2B00A400E2814F /* Foodies.app */ = {isa = PBXFileReference; explicitFileType = wrapper.application; includeInIndex = 0; path = Foodies.app; sourceTree = BUILT_PRODUCTS_DIR; };
		B4927F5A2B2B00A400E2814F /* AppDelegate.swift */ = {isa = PBXFileReference; lastKnownFileType = sourcecode.swift; path = AppDelegate.swift; sourceTree = "<group>"; };
		B4927F5C2B2B00A400E2814F /* SceneDelegate.swift */ = {isa = PBXFileReference; lastKnownFileType = sourcecode.swift; path = SceneDelegate.swift; sourceTree = "<group>"; };
		B4927F5E2B2B00A400E2814F /* ViewController.swift */ = {isa = PBXFileReference; lastKnownFileType = sourcecode.swift; path = ViewController.swift; sourceTree = "<group>"; };
		B4927F612B2B00A400E2814F /* Base */ = {isa = PBXFileReference; lastKnownFileType = file.storyboard; name = Base; path = Base.lproj/Main.storyboard; sourceTree = "<group>"; };
		B4927F642B2B00A400E2814F /* Foodies.xcdatamodel */ = {isa = PBXFileReference; lastKnownFileType = wrapper.xcdatamodel; path = Foodies.xcdatamodel; sourceTree = "<group>"; };
		B4927F662B2B00A600E2814F /* Assets.xcassets */ = {isa = PBXFileReference; lastKnownFileType = folder.assetcatalog; path = Assets.xcassets; sourceTree = "<group>"; };
		B4927F692B2B00A600E2814F /* Base */ = {isa = PBXFileReference; lastKnownFileType = file.storyboard; name = Base; path = Base.lproj/LaunchScreen.storyboard; sourceTree = "<group>"; };
		B4927F6B2B2B00A600E2814F /* Info.plist */ = {isa = PBXFileReference; lastKnownFileType = text.plist.xml; path = Info.plist; sourceTree = "<group>"; };
		B4927F722B2B076200E2814F /* UIView+Extension.swift */ = {isa = PBXFileReference; lastKnownFileType = sourcecode.swift; path = "UIView+Extension.swift"; sourceTree = "<group>"; };
		B4927F782B2B086600E2814F /* OnboardingCollectionViewCell.swift */ = {isa = PBXFileReference; lastKnownFileType = sourcecode.swift; path = OnboardingCollectionViewCell.swift; sourceTree = "<group>"; };
		B4927F7A2B2B089300E2814F /* OnboardingViewController.swift */ = {isa = PBXFileReference; lastKnownFileType = sourcecode.swift; path = OnboardingViewController.swift; sourceTree = "<group>"; };
		B4927F7D2B2B09AC00E2814F /* OnboardingSlide.swift */ = {isa = PBXFileReference; lastKnownFileType = sourcecode.swift; path = OnboardingSlide.swift; sourceTree = "<group>"; };
		B4D3EDFD2B2FF37500D80343 /* Dish.swift */ = {isa = PBXFileReference; lastKnownFileType = sourcecode.swift; path = Dish.swift; sourceTree = "<group>"; };
/* End PBXFileReference section */

/* Begin PBXFrameworksBuildPhase section */
		B4927F542B2B00A400E2814F /* Frameworks */ = {
			isa = PBXFrameworksBuildPhase;
			buildActionMask = 2147483647;
			files = (
			);
			runOnlyForDeploymentPostprocessing = 0;
		};
/* End PBXFrameworksBuildPhase section */

/* Begin PBXGroup section */
		B414FE0D2B2FEE5A00E8176F /* DishPotraitCollectionViewCell */ = {
			isa = PBXGroup;
			children = (
				B414FE0E2B2FEEB600E8176F /* DishPotraitCollectionViewCell.swift */,
				B414FE0F2B2FEEB600E8176F /* DishPotraitCollectionViewCell.xib */,
			);
			path = DishPotraitCollectionViewCell;
			sourceTree = "<group>";
		};
		B432C99F2B320106004C4D00 /* TableViewCells */ = {
			isa = PBXGroup;
			children = (
				B432C9A02B320112004C4D00 /* DishListTableViewCell */,
			);
			path = TableViewCells;
			sourceTree = "<group>";
		};
		B432C9A02B320112004C4D00 /* DishListTableViewCell */ = {
			isa = PBXGroup;
			children = (
				B432C9A12B32013A004C4D00 /* DishListTableViewCell.swift */,
				B432C9A22B32013A004C4D00 /* DishListTableViewCell.xib */,
			);
			path = DishListTableViewCell;
			sourceTree = "<group>";
		};
		B432C9A52B3203B7004C4D00 /* DishLists */ = {
			isa = PBXGroup;
			children = (
				B432C9A62B3203E2004C4D00 /* DishListViewController.swift */,
			);
			path = DishLists;
			sourceTree = "<group>";
		};
		B432C9A82B320961004C4D00 /* ListOrders */ = {
			isa = PBXGroup;
			children = (
				B432C9A92B32097C004C4D00 /* ListOrdersViewController.swift */,
			);
			path = ListOrders;
			sourceTree = "<group>";
		};
		B43AF8842B2B2E9D0052A407 /* Home */ = {
			isa = PBXGroup;
			children = (
				B43AF8852B2B2EB00052A407 /* HomeViewController.swift */,
			);
			path = Home;
			sourceTree = "<group>";
		};
		B43AF8872B2B33790052A407 /* CatagoryCollectionViewCell */ = {
			isa = PBXGroup;
			children = (
				B43AF8882B2B33B20052A407 /* CatagoryCollectionViewCell.swift */,
				B43AF8892B2B33B20052A407 /* CatagoryCollectionViewCell.xib */,
			);
			path = CatagoryCollectionViewCell;
			sourceTree = "<group>";
		};
		B43AF88E2B2B3F370052A407 /* CardView */ = {
			isa = PBXGroup;
			children = (
				B43AF88F2B2B3F510052A407 /* CardView.swift */,
			);
			path = CardView;
			sourceTree = "<group>";
		};
		B46BD8EA2B316ED6001B72E5 /* ChefSpecialCollectionViewCell */ = {
			isa = PBXGroup;
			children = (
				B46BD8EB2B316F12001B72E5 /* ChefSpecialCollectionViewCell.swift */,
				B46BD8EC2B316F12001B72E5 /* ChefSpecialCollectionViewCell.xib */,
			);
			path = ChefSpecialCollectionViewCell;
			sourceTree = "<group>";
		};
		B46BD8EF2B317E4F001B72E5 /* DishDetail */ = {
			isa = PBXGroup;
			children = (
				B46BD8F02B317E83001B72E5 /* DishDetailViewController.swift */,
			);
			path = DishDetail;
			sourceTree = "<group>";
		};
		B4927F4E2B2B00A400E2814F = {
			isa = PBXGroup;
			children = (
				B4927F592B2B00A400E2814F /* Foodies */,
				B4927F582B2B00A400E2814F /* Products */,
			);
			sourceTree = "<group>";
		};
		B4927F582B2B00A400E2814F /* Products */ = {
			isa = PBXGroup;
			children = (
				B4927F572B2B00A400E2814F /* Foodies.app */,
			);
			name = Products;
			sourceTree = "<group>";
		};
		B4927F592B2B00A400E2814F /* Foodies */ = {
			isa = PBXGroup;
			children = (
				B4927F7C2B2B099100E2814F /* Models */,
				B4927F762B2B083500E2814F /* Views */,
				B4927F742B2B07EC00E2814F /* CustomViews */,
				B4927F712B2B074300E2814F /* Extensions */,
				B4927F5A2B2B00A400E2814F /* AppDelegate.swift */,
				B4927F5C2B2B00A400E2814F /* SceneDelegate.swift */,
				B4927F5E2B2B00A400E2814F /* ViewController.swift */,
				B4927F602B2B00A400E2814F /* Main.storyboard */,
				B4927F662B2B00A600E2814F /* Assets.xcassets */,
				B4927F682B2B00A600E2814F /* LaunchScreen.storyboard */,
				B4927F6B2B2B00A600E2814F /* Info.plist */,
				B4927F632B2B00A400E2814F /* Foodies.xcdatamodeld */,
			);
			path = Foodies;
			sourceTree = "<group>";
		};
		B4927F712B2B074300E2814F /* Extensions */ = {
			isa = PBXGroup;
			children = (
				B4927F722B2B076200E2814F /* UIView+Extension.swift */,
			);
			path = Extensions;
			sourceTree = "<group>";
		};
		B4927F742B2B07EC00E2814F /* CustomViews */ = {
			isa = PBXGroup;
			children = (
				B432C99F2B320106004C4D00 /* TableViewCells */,
				B43AF88E2B2B3F370052A407 /* CardView */,
				B4927F752B2B07FB00E2814F /* CollectionViewCells */,
			);
			path = CustomViews;
			sourceTree = "<group>";
		};
		B4927F752B2B07FB00E2814F /* CollectionViewCells */ = {
			isa = PBXGroup;
			children = (
				B46BD8EA2B316ED6001B72E5 /* ChefSpecialCollectionViewCell */,
				B414FE0D2B2FEE5A00E8176F /* DishPotraitCollectionViewCell */,
				B43AF8872B2B33790052A407 /* CatagoryCollectionViewCell */,
			);
			path = CollectionViewCells;
			sourceTree = "<group>";
		};
		B4927F762B2B083500E2814F /* Views */ = {
			isa = PBXGroup;
			children = (
				B432C9A82B320961004C4D00 /* ListOrders */,
				B432C9A52B3203B7004C4D00 /* DishLists */,
				B46BD8EF2B317E4F001B72E5 /* DishDetail */,
				B43AF8842B2B2E9D0052A407 /* Home */,
				B4927F772B2B084300E2814F /* Onboarding */,
			);
			path = Views;
			sourceTree = "<group>";
		};
		B4927F772B2B084300E2814F /* Onboarding */ = {
			isa = PBXGroup;
			children = (
				B4927F782B2B086600E2814F /* OnboardingCollectionViewCell.swift */,
				B4927F7A2B2B089300E2814F /* OnboardingViewController.swift */,
			);
			path = Onboarding;
			sourceTree = "<group>";
		};
		B4927F7C2B2B099100E2814F /* Models */ = {
			isa = PBXGroup;
			children = (
				B4927F7D2B2B09AC00E2814F /* OnboardingSlide.swift */,
				B43AF88C2B2B35B70052A407 /* DishCatagory.swift */,
				B4D3EDFD2B2FF37500D80343 /* Dish.swift */,
				B432C9AB2B320A79004C4D00 /* Order.swift */,
			);
			path = Models;
			sourceTree = "<group>";
		};
/* End PBXGroup section */

/* Begin PBXNativeTarget section */
		B4927F562B2B00A400E2814F /* Foodies */ = {
			isa = PBXNativeTarget;
			buildConfigurationList = B4927F6E2B2B00A600E2814F /* Build configuration list for PBXNativeTarget "Foodies" */;
			buildPhases = (
				B4927F532B2B00A400E2814F /* Sources */,
				B4927F542B2B00A400E2814F /* Frameworks */,
				B4927F552B2B00A400E2814F /* Resources */,
			);
			buildRules = (
			);
			dependencies = (
			);
			name = Foodies;
			productName = Foodies;
			productReference = B4927F572B2B00A400E2814F /* Foodies.app */;
			productType = "com.apple.product-type.application";
		};
/* End PBXNativeTarget section */

/* Begin PBXProject section */
		B4927F4F2B2B00A400E2814F /* Project object */ = {
			isa = PBXProject;
			attributes = {
				BuildIndependentTargetsInParallel = 1;
				LastSwiftUpdateCheck = 1430;
				LastUpgradeCheck = 1430;
				TargetAttributes = {
					B4927F562B2B00A400E2814F = {
						CreatedOnToolsVersion = 14.3;
					};
				};
			};
			buildConfigurationList = B4927F522B2B00A400E2814F /* Build configuration list for PBXProject "Foodies" */;
			compatibilityVersion = "Xcode 14.0";
			developmentRegion = en;
			hasScannedForEncodings = 0;
			knownRegions = (
				en,
				Base,
			);
			mainGroup = B4927F4E2B2B00A400E2814F;
			productRefGroup = B4927F582B2B00A400E2814F /* Products */;
			projectDirPath = "";
			projectRoot = "";
			targets = (
				B4927F562B2B00A400E2814F /* Foodies */,
			);
		};
/* End PBXProject section */

/* Begin PBXResourcesBuildPhase section */
		B4927F552B2B00A400E2814F /* Resources */ = {
			isa = PBXResourcesBuildPhase;
			buildActionMask = 2147483647;
			files = (
				B43AF88B2B2B33B20052A407 /* CatagoryCollectionViewCell.xib in Resources */,
				B432C9A42B32013A004C4D00 /* DishListTableViewCell.xib in Resources */,
				B414FE112B2FEEB600E8176F /* DishPotraitCollectionViewCell.xib in Resources */,
				B4927F6A2B2B00A600E2814F /* LaunchScreen.storyboard in Resources */,
				B4927F672B2B00A600E2814F /* Assets.xcassets in Resources */,
				B46BD8EE2B316F12001B72E5 /* ChefSpecialCollectionViewCell.xib in Resources */,
				B4927F622B2B00A400E2814F /* Main.storyboard in Resources */,
			);
			runOnlyForDeploymentPostprocessing = 0;
		};
/* End PBXResourcesBuildPhase section */

/* Begin PBXSourcesBuildPhase section */
		B4927F532B2B00A400E2814F /* Sources */ = {
			isa = PBXSourcesBuildPhase;
			buildActionMask = 2147483647;
			files = (
				B432C9A32B32013A004C4D00 /* DishListTableViewCell.swift in Sources */,
				B432C9AA2B32097C004C4D00 /* ListOrdersViewController.swift in Sources */,
				B432C9AC2B320A79004C4D00 /* Order.swift in Sources */,
				B414FE102B2FEEB600E8176F /* DishPotraitCollectionViewCell.swift in Sources */,
				B432C9A72B3203E2004C4D00 /* DishListViewController.swift in Sources */,
				B43AF88D2B2B35B70052A407 /* DishCatagory.swift in Sources */,
				B4927F5F2B2B00A400E2814F /* ViewController.swift in Sources */,
				B46BD8F12B317E83001B72E5 /* DishDetailViewController.swift in Sources */,
				B4927F652B2B00A400E2814F /* Foodies.xcdatamodeld in Sources */,
				B4927F5B2B2B00A400E2814F /* AppDelegate.swift in Sources */,
				B4927F732B2B076200E2814F /* UIView+Extension.swift in Sources */,
				B4927F7E2B2B09AC00E2814F /* OnboardingSlide.swift in Sources */,
				B43AF8862B2B2EB00052A407 /* HomeViewController.swift in Sources */,
				B43AF88A2B2B33B20052A407 /* CatagoryCollectionViewCell.swift in Sources */,
				B46BD8ED2B316F12001B72E5 /* ChefSpecialCollectionViewCell.swift in Sources */,
				B4D3EDFE2B2FF37500D80343 /* Dish.swift in Sources */,
				B4927F7B2B2B089300E2814F /* OnboardingViewController.swift in Sources */,
				B4927F5D2B2B00A400E2814F /* SceneDelegate.swift in Sources */,
				B43AF8902B2B3F510052A407 /* CardView.swift in Sources */,
				B4927F792B2B086600E2814F /* OnboardingCollectionViewCell.swift in Sources */,
			);
			runOnlyForDeploymentPostprocessing = 0;
		};
/* End PBXSourcesBuildPhase section */

/* Begin PBXVariantGroup section */
		B4927F602B2B00A400E2814F /* Main.storyboard */ = {
			isa = PBXVariantGroup;
			children = (
				B4927F612B2B00A400E2814F /* Base */,
			);
			name = Main.storyboard;
			sourceTree = "<group>";
		};
		B4927F682B2B00A600E2814F /* LaunchScreen.storyboard */ = {
			isa = PBXVariantGroup;
			children = (
				B4927F692B2B00A600E2814F /* Base */,
			);
			name = LaunchScreen.storyboard;
			sourceTree = "<group>";
		};
/* End PBXVariantGroup section */

/* Begin XCBuildConfiguration section */
		B4927F6C2B2B00A600E2814F /* Debug */ = {
			isa = XCBuildConfiguration;
			buildSettings = {
				ALWAYS_SEARCH_USER_PATHS = NO;
				CLANG_ANALYZER_NONNULL = YES;
				CLANG_ANALYZER_NUMBER_OBJECT_CONVERSION = YES_AGGRESSIVE;
				CLANG_CXX_LANGUAGE_STANDARD = "gnu++20";
				CLANG_ENABLE_MODULES = YES;
				CLANG_ENABLE_OBJC_ARC = YES;
				CLANG_ENABLE_OBJC_WEAK = YES;
				CLANG_WARN_BLOCK_CAPTURE_AUTORELEASING = YES;
				CLANG_WARN_BOOL_CONVERSION = YES;
				CLANG_WARN_COMMA = YES;
				CLANG_WARN_CONSTANT_CONVERSION = YES;
				CLANG_WARN_DEPRECATED_OBJC_IMPLEMENTATIONS = YES;
				CLANG_WARN_DIRECT_OBJC_ISA_USAGE = YES_ERROR;
				CLANG_WARN_DOCUMENTATION_COMMENTS = YES;
				CLANG_WARN_EMPTY_BODY = YES;
				CLANG_WARN_ENUM_CONVERSION = YES;
				CLANG_WARN_INFINITE_RECURSION = YES;
				CLANG_WARN_INT_CONVERSION = YES;
				CLANG_WARN_NON_LITERAL_NULL_CONVERSION = YES;
				CLANG_WARN_OBJC_IMPLICIT_RETAIN_SELF = YES;
				CLANG_WARN_OBJC_LITERAL_CONVERSION = YES;
				CLANG_WARN_OBJC_ROOT_CLASS = YES_ERROR;
				CLANG_WARN_QUOTED_INCLUDE_IN_FRAMEWORK_HEADER = YES;
				CLANG_WARN_RANGE_LOOP_ANALYSIS = YES;
				CLANG_WARN_STRICT_PROTOTYPES = YES;
				CLANG_WARN_SUSPICIOUS_MOVE = YES;
				CLANG_WARN_UNGUARDED_AVAILABILITY = YES_AGGRESSIVE;
				CLANG_WARN_UNREACHABLE_CODE = YES;
				CLANG_WARN__DUPLICATE_METHOD_MATCH = YES;
				COPY_PHASE_STRIP = NO;
				DEBUG_INFORMATION_FORMAT = dwarf;
				ENABLE_STRICT_OBJC_MSGSEND = YES;
				ENABLE_TESTABILITY = YES;
				GCC_C_LANGUAGE_STANDARD = gnu11;
				GCC_DYNAMIC_NO_PIC = NO;
				GCC_NO_COMMON_BLOCKS = YES;
				GCC_OPTIMIZATION_LEVEL = 0;
				GCC_PREPROCESSOR_DEFINITIONS = (
					"DEBUG=1",
					"$(inherited)",
				);
				GCC_WARN_64_TO_32_BIT_CONVERSION = YES;
				GCC_WARN_ABOUT_RETURN_TYPE = YES_ERROR;
				GCC_WARN_UNDECLARED_SELECTOR = YES;
				GCC_WARN_UNINITIALIZED_AUTOS = YES_AGGRESSIVE;
				GCC_WARN_UNUSED_FUNCTION = YES;
				GCC_WARN_UNUSED_VARIABLE = YES;
				IPHONEOS_DEPLOYMENT_TARGET = 16.4;
				MTL_ENABLE_DEBUG_INFO = INCLUDE_SOURCE;
				MTL_FAST_MATH = YES;
				ONLY_ACTIVE_ARCH = YES;
				SDKROOT = iphoneos;
				SWIFT_ACTIVE_COMPILATION_CONDITIONS = DEBUG;
				SWIFT_OPTIMIZATION_LEVEL = "-Onone";
			};
			name = Debug;
		};
		B4927F6D2B2B00A600E2814F /* Release */ = {
			isa = XCBuildConfiguration;
			buildSettings = {
				ALWAYS_SEARCH_USER_PATHS = NO;
				CLANG_ANALYZER_NONNULL = YES;
				CLANG_ANALYZER_NUMBER_OBJECT_CONVERSION = YES_AGGRESSIVE;
				CLANG_CXX_LANGUAGE_STANDARD = "gnu++20";
				CLANG_ENABLE_MODULES = YES;
				CLANG_ENABLE_OBJC_ARC = YES;
				CLANG_ENABLE_OBJC_WEAK = YES;
				CLANG_WARN_BLOCK_CAPTURE_AUTORELEASING = YES;
				CLANG_WARN_BOOL_CONVERSION = YES;
				CLANG_WARN_COMMA = YES;
				CLANG_WARN_CONSTANT_CONVERSION = YES;
				CLANG_WARN_DEPRECATED_OBJC_IMPLEMENTATIONS = YES;
				CLANG_WARN_DIRECT_OBJC_ISA_USAGE = YES_ERROR;
				CLANG_WARN_DOCUMENTATION_COMMENTS = YES;
				CLANG_WARN_EMPTY_BODY = YES;
				CLANG_WARN_ENUM_CONVERSION = YES;
				CLANG_WARN_INFINITE_RECURSION = YES;
				CLANG_WARN_INT_CONVERSION = YES;
				CLANG_WARN_NON_LITERAL_NULL_CONVERSION = YES;
				CLANG_WARN_OBJC_IMPLICIT_RETAIN_SELF = YES;
				CLANG_WARN_OBJC_LITERAL_CONVERSION = YES;
				CLANG_WARN_OBJC_ROOT_CLASS = YES_ERROR;
				CLANG_WARN_QUOTED_INCLUDE_IN_FRAMEWORK_HEADER = YES;
				CLANG_WARN_RANGE_LOOP_ANALYSIS = YES;
				CLANG_WARN_STRICT_PROTOTYPES = YES;
				CLANG_WARN_SUSPICIOUS_MOVE = YES;
				CLANG_WARN_UNGUARDED_AVAILABILITY = YES_AGGRESSIVE;
				CLANG_WARN_UNREACHABLE_CODE = YES;
				CLANG_WARN__DUPLICATE_METHOD_MATCH = YES;
				COPY_PHASE_STRIP = NO;
				DEBUG_INFORMATION_FORMAT = "dwarf-with-dsym";
				ENABLE_NS_ASSERTIONS = NO;
				ENABLE_STRICT_OBJC_MSGSEND = YES;
				GCC_C_LANGUAGE_STANDARD = gnu11;
				GCC_NO_COMMON_BLOCKS = YES;
				GCC_WARN_64_TO_32_BIT_CONVERSION = YES;
				GCC_WARN_ABOUT_RETURN_TYPE = YES_ERROR;
				GCC_WARN_UNDECLARED_SELECTOR = YES;
				GCC_WARN_UNINITIALIZED_AUTOS = YES_AGGRESSIVE;
				GCC_WARN_UNUSED_FUNCTION = YES;
				GCC_WARN_UNUSED_VARIABLE = YES;
				IPHONEOS_DEPLOYMENT_TARGET = 16.4;
				MTL_ENABLE_DEBUG_INFO = NO;
				MTL_FAST_MATH = YES;
				SDKROOT = iphoneos;
				SWIFT_COMPILATION_MODE = wholemodule;
				SWIFT_OPTIMIZATION_LEVEL = "-O";
				VALIDATE_PRODUCT = YES;
			};
			name = Release;
		};
		B4927F6F2B2B00A600E2814F /* Debug */ = {
			isa = XCBuildConfiguration;
			buildSettings = {
				ASSETCATALOG_COMPILER_APPICON_NAME = AppIcon;
				ASSETCATALOG_COMPILER_GLOBAL_ACCENT_COLOR_NAME = AccentColor;
				CODE_SIGN_STYLE = Automatic;
				CURRENT_PROJECT_VERSION = 1;
				GENERATE_INFOPLIST_FILE = YES;
				INFOPLIST_FILE = Foodies/Info.plist;
				INFOPLIST_KEY_UIApplicationSupportsIndirectInputEvents = YES;
				INFOPLIST_KEY_UILaunchStoryboardName = LaunchScreen;
				INFOPLIST_KEY_UIMainStoryboardFile = Main;
				INFOPLIST_KEY_UISupportedInterfaceOrientations_iPad = "UIInterfaceOrientationPortrait UIInterfaceOrientationPortraitUpsideDown UIInterfaceOrientationLandscapeLeft UIInterfaceOrientationLandscapeRight";
				INFOPLIST_KEY_UISupportedInterfaceOrientations_iPhone = "UIInterfaceOrientationPortrait UIInterfaceOrientationLandscapeLeft UIInterfaceOrientationLandscapeRight";
				LD_RUNPATH_SEARCH_PATHS = (
					"$(inherited)",
					"@executable_path/Frameworks",
				);
				MARKETING_VERSION = 1.0;
				PRODUCT_BUNDLE_IDENTIFIER = com.com.Foodies;
				PRODUCT_NAME = "$(TARGET_NAME)";
				SWIFT_EMIT_LOC_STRINGS = YES;
				SWIFT_VERSION = 5.0;
				TARGETED_DEVICE_FAMILY = "1,2";
			};
			name = Debug;
		};
		B4927F702B2B00A600E2814F /* Release */ = {
			isa = XCBuildConfiguration;
			buildSettings = {
				ASSETCATALOG_COMPILER_APPICON_NAME = AppIcon;
				ASSETCATALOG_COMPILER_GLOBAL_ACCENT_COLOR_NAME = AccentColor;
				CODE_SIGN_STYLE = Automatic;
				CURRENT_PROJECT_VERSION = 1;
				GENERATE_INFOPLIST_FILE = YES;
				INFOPLIST_FILE = Foodies/Info.plist;
				INFOPLIST_KEY_UIApplicationSupportsIndirectInputEvents = YES;
				INFOPLIST_KEY_UILaunchStoryboardName = LaunchScreen;
				INFOPLIST_KEY_UIMainStoryboardFile = Main;
				INFOPLIST_KEY_UISupportedInterfaceOrientations_iPad = "UIInterfaceOrientationPortrait UIInterfaceOrientationPortraitUpsideDown UIInterfaceOrientationLandscapeLeft UIInterfaceOrientationLandscapeRight";
				INFOPLIST_KEY_UISupportedInterfaceOrientations_iPhone = "UIInterfaceOrientationPortrait UIInterfaceOrientationLandscapeLeft UIInterfaceOrientationLandscapeRight";
				LD_RUNPATH_SEARCH_PATHS = (
					"$(inherited)",
					"@executable_path/Frameworks",
				);
				MARKETING_VERSION = 1.0;
				PRODUCT_BUNDLE_IDENTIFIER = com.com.Foodies;
				PRODUCT_NAME = "$(TARGET_NAME)";
				SWIFT_EMIT_LOC_STRINGS = YES;
				SWIFT_VERSION = 5.0;
				TARGETED_DEVICE_FAMILY = "1,2";
			};
			name = Release;
		};
/* End XCBuildConfiguration section */

/* Begin XCConfigurationList section */
		B4927F522B2B00A400E2814F /* Build configuration list for PBXProject "Foodies" */ = {
			isa = XCConfigurationList;
			buildConfigurations = (
				B4927F6C2B2B00A600E2814F /* Debug */,
				B4927F6D2B2B00A600E2814F /* Release */,
			);
			defaultConfigurationIsVisible = 0;
			defaultConfigurationName = Release;
		};
		B4927F6E2B2B00A600E2814F /* Build configuration list for PBXNativeTarget "Foodies" */ = {
			isa = XCConfigurationList;
			buildConfigurations = (
				B4927F6F2B2B00A600E2814F /* Debug */,
				B4927F702B2B00A600E2814F /* Release */,
			);
			defaultConfigurationIsVisible = 0;
			defaultConfigurationName = Release;
		};
/* End XCConfigurationList section */

/* Begin XCVersionGroup section */
		B4927F632B2B00A400E2814F /* Foodies.xcdatamodeld */ = {
			isa = XCVersionGroup;
			children = (
				B4927F642B2B00A400E2814F /* Foodies.xcdatamodel */,
			);
			currentVersion = B4927F642B2B00A400E2814F /* Foodies.xcdatamodel */;
			path = Foodies.xcdatamodeld;
			sourceTree = "<group>";
			versionGroupType = wrapper.xcdatamodel;
		};
/* End XCVersionGroup section */
	};
	rootObject = B4927F4F2B2B00A400E2814F /* Project object */;
}
